
Microsoft Visual Studio Solution File, Format Version 12.00
# Visual Studio Version 17
VisualStudioVersion = 17.0.31903.59
MinimumVisualStudioVersion = 10.0.40219.1
Project("{FAE04EC0-301F-11D3-BF4B-00C04F79EFBC}") = "FlowOps.Agent.Core", "FlowOps.Agent.Core\FlowOps.Agent.Core.csproj", "{598B6FFE-1618-4254-833E-143A8530714D}"
EndProject
Project("{FAE04EC0-301F-11D3-BF4B-00C04F79EFBC}") = "FlowOps.NotificationAgent", "FlowOps.NotificationAgent\FlowOps.NotificationAgent.csproj", "{F4D52ADE-2F14-4FF1-ABC4-06EEC50302DA}"
EndProject
Project("{FAE04EC0-301F-11D3-BF4B-00C04F79EFBC}") = "FlowOps.Agent.Tests", "FlowOps.Agent.Tests\FlowOps.Agent.Tests.csproj", "{FBD96E70-391E-403F-8614-7C5CC0F15466}"
EndProject
Global
	GlobalSection(SolutionConfigurationPlatforms) = preSolution
		Debug|Any CPU = Debug|Any CPU
		Release|Any CPU = Release|Any CPU
	EndGlobalSection
	GlobalSection(SolutionProperties) = preSolution
		HideSolutionNode = FALSE
	EndGlobalSection
	GlobalSection(ProjectConfigurationPlatforms) = postSolution
		{598B6FFE-1618-4254-833E-143A8530714D}.Debug|Any CPU.ActiveCfg = Debug|Any CPU
		{598B6FFE-1618-4254-833E-143A8530714D}.Debug|Any CPU.Build.0 = Debug|Any CPU
		{598B6FFE-1618-4254-833E-143A8530714D}.Release|Any CPU.ActiveCfg = Release|Any CPU
		{598B6FFE-1618-4254-833E-143A8530714D}.Release|Any CPU.Build.0 = Release|Any CPU
		{F4D52ADE-2F14-4FF1-ABC4-06EEC50302DA}.Debug|Any CPU.ActiveCfg = Debug|Any CPU
		{F4D52ADE-2F14-4FF1-ABC4-06EEC50302DA}.Debug|Any CPU.Build.0 = Debug|Any CPU
		{F4D52ADE-2F14-4FF1-ABC4-06EEC50302DA}.Release|Any CPU.ActiveCfg = Release|Any CPU
		{F4D52ADE-2F14-4FF1-ABC4-06EEC50302DA}.Release|Any CPU.Build.0 = Release|Any CPU
		{FBD96E70-391E-403F-8614-7C5CC0F15466}.Debug|Any CPU.ActiveCfg = Debug|Any CPU
		{FBD96E70-391E-403F-8614-7C5CC0F15466}.Debug|Any CPU.Build.0 = Debug|Any CPU
		{FBD96E70-391E-403F-8614-7C5CC0F15466}.Release|Any CPU.ActiveCfg = Release|Any CPU
		{FBD96E70-391E-403F-8614-7C5CC0F15466}.Release|Any CPU.Build.0 = Release|Any CPU
	EndGlobalSection
EndGlobal
